PODS:
  - Alamofire (5.6.4)
  - ExampleKeys (1.0.0):
    - ExampleKeysInterfaces (~> 1.0.0)
  - ExampleKeysInterfaces (1.0.0)
  - Factory (2.0.3)
  - FlowStacks (0.2.5)
  - IQKeyboardManagerSwift (6.5.11)
  - KeychainAccess (4.2.2)
  - Kingfisher (7.6.2)
  - Moya (15.0.0):
    - Moya/Core (= 15.0.0)
  - Moya/Combine (15.0.0):
    - Moya/Core
  - Moya/Core (15.0.0):
    - Alamofire (~> 5.0)
  - Nimble (11.2.1)
  - NimbleLoyalty (0.2.0):
    - KeychainAccess
    - Moya
  - Quick (6.1.0)
  - R.swift (7.3.0)
  - Sourcery (1.8.0):
    - Sourcery/CLI-Only (= 1.8.0)
  - Sourcery/CLI-Only (1.8.0)
  - SwiftFormat/CLI (0.51.2)
  - SwiftLint (0.50.3)

DEPENDENCIES:
  - ExampleKeys (from `./dependencies/ExampleKeys`)
  - ExampleKeysInterfaces (from `./dependencies/ExampleKeysInterfaces`)
  - Factory
  - FlowStacks
  - IQKeyboardManagerSwift
  - KeychainAccess
  - Kingfisher
  - Moya/Combine
  - Nimble
  - NimbleLoyalty (from `../`)
  - Quick
  - R.swift
  - Sourcery (= 1.8.0)
  - SwiftFormat/CLI
  - SwiftLint

SPEC REPOS:
  trunk:
    - Alamofire
    - Factory
    - FlowStacks
    - IQKeyboardManagerSwift
    - KeychainAccess
    - Kingfisher
    - Moya
    - Nimble
    - Quick
    - R.swift
    - Sourcery
    - SwiftFormat
    - SwiftLint

EXTERNAL SOURCES:
  ExampleKeys:
    :path: "./dependencies/ExampleKeys"
  ExampleKeysInterfaces:
    :path: "./dependencies/ExampleKeysInterfaces"
  NimbleLoyalty:
    :path: "../"

SPEC CHECKSUMS:
  Alamofire: 4e95d97098eacb88856099c4fc79b526a299e48c
  ExampleKeys: 386465fa2ff602fb23ecff54fa56839213b818a8
  ExampleKeysInterfaces: 75513935db2603ea571560889c72bb804e1d656b
  Factory: da19d823ec2a11190601683141edd26d8dea186a
  FlowStacks: a8f2c03581f41c4206c8444843a659c8a1897604
  IQKeyboardManagerSwift: c7955c0bdbf7b2eb29bb7daaa44e3d90f55a9a85
  KeychainAccess: c0c4f7f38f6fc7bbe58f5702e25f7bd2f65abf51
  Kingfisher: 6c5449c6450c5239166510ba04afe374a98afc4f
  Moya: 138f0573e53411fb3dc17016add0b748dfbd78ee
  Nimble: 516ac503a0fafaa8e41dbb4a70a61be421fa893a
  NimbleLoyalty: 31890088f892e9a9d36806bf4b88cbf611f47881
  Quick: 6676ffb409bf04abba2ff23902af2407bfc6ac90
  R.swift: cef1c530541cb49412752721797f10dae6b32d11
  Sourcery: 6f5fe49b82b7e02e8c65560cbd52e1be67a1af2e
  SwiftFormat: 8904869cd98b67b351c3ab5dea605d00db320e14
  SwiftLint: 77f7cb2b9bb81ab4a12fcc86448ba3f11afa50c6

PODFILE CHECKSUM: 7e3c111c7653dd82b8953b476d467005abd64098

COCOAPODS: 1.11.3
