PODS:
  - Alamofire (5.6.4)
  - KeychainAccess (4.2.2)
  - Moya/Combine (15.0.0):
    - Moya/Core
  - Moya/Core (15.0.0):
    - Alamofire (~> 5.0)
  - Nimble (11.2.1)
  - Quick (6.1.0)

DEPENDENCIES:
  - KeychainAccess
  - Moya/Combine
  - Nimble
  - Quick

SPEC REPOS:
  trunk:
    - Alamofire
    - KeychainAccess
    - Moya
    - Nimble
    - Quick

SPEC CHECKSUMS:
  Alamofire: 4e95d97098eacb88856099c4fc79b526a299e48c
  KeychainAccess: c0c4f7f38f6fc7bbe58f5702e25f7bd2f65abf51
  Moya: 138f0573e53411fb3dc17016add0b748dfbd78ee
  Nimble: 516ac503a0fafaa8e41dbb4a70a61be421fa893a
  Quick: 6676ffb409bf04abba2ff23902af2407bfc6ac90

PODFILE CHECKSUM: 5e555edbd8ef313de163b4a850b07bbb9b36dc90

COCOAPODS: 1.11.3
