// !$*UTF8*$!
{
	archiveVersion = 1;
	classes = {
	};
	objectVersion = 56;
	objects = {

/* Begin PBXBuildFile section */
		134F0024E7000DAE9A3F024D /* Pods_Example_ExampleUITests.framework in Frameworks */ = {isa = PBXBuildFile; fileRef = DF285C570C6CED9AEB55EC87 /* Pods_Example_ExampleUITests.framework */; };
		1A7BAE2AD857BE83EB0EB06D /* Pods_ExampleTests.framework in Frameworks */ = {isa = PBXBuildFile; fileRef = 7717EB1C61A01CF1F598469F /* Pods_ExampleTests.framework */; };
		585673D229CAC4FE00DE4432 /* Constants.swift in Sources */ = {isa = PBXBuildFile; fileRef = 585673D129CAC4FE00DE4432 /* Constants.swift */; };
		5829A68529CAB225002C0834 /* ContentViewModel.swift in Sources */ = {isa = PBXBuildFile; fileRef = 5829A68429CAB225002C0834 /* ContentViewModel.swift */; };
		5829A68729CAB626002C0834 /* RewardListView.swift in Sources */ = {isa = PBXBuildFile; fileRef = 5829A68629CAB626002C0834 /* RewardListView.swift */; };
		5829A68929CAB637002C0834 /* RewardListViewModel.swift in Sources */ = {isa = PBXBuildFile; fileRef = 5829A68829CAB637002C0834 /* RewardListViewModel.swift */; };
		58CDDBA829C80B55001A2069 /* ExampleApp.swift in Sources */ = {isa = PBXBuildFile; fileRef = 58CDDBA729C80B55001A2069 /* ExampleApp.swift */; };
		58CDDBAA29C80B55001A2069 /* ContentView.swift in Sources */ = {isa = PBXBuildFile; fileRef = 58CDDBA929C80B55001A2069 /* ContentView.swift */; };
		58CDDBAC29C80B57001A2069 /* Assets.xcassets in Resources */ = {isa = PBXBuildFile; fileRef = 58CDDBAB29C80B57001A2069 /* Assets.xcassets */; };
		58CDDBAF29C80B57001A2069 /* Preview Assets.xcassets in Resources */ = {isa = PBXBuildFile; fileRef = 58CDDBAE29C80B57001A2069 /* Preview Assets.xcassets */; };
		58CDDBB929C80B57001A2069 /* LoyaltySDKSampleTests.swift in Sources */ = {isa = PBXBuildFile; fileRef = 58CDDBB829C80B57001A2069 /* LoyaltySDKSampleTests.swift */; };
		58CDDBC329C80B57001A2069 /* LoyaltySDKSampleUITests.swift in Sources */ = {isa = PBXBuildFile; fileRef = 58CDDBC229C80B57001A2069 /* LoyaltySDKSampleUITests.swift */; };
		58CDDBC529C80B57001A2069 /* LoyaltySDKSampleUITestsLaunchTests.swift in Sources */ = {isa = PBXBuildFile; fileRef = 58CDDBC429C80B57001A2069 /* LoyaltySDKSampleUITestsLaunchTests.swift */; };
		F2F648C06E9E493301AD2821 /* Pods_Example.framework in Frameworks */ = {isa = PBXBuildFile; fileRef = 39776ECAE886B6ED8CD383D9 /* Pods_Example.framework */; };
/* End PBXBuildFile section */

/* Begin PBXContainerItemProxy section */
		58CDDBB529C80B57001A2069 /* PBXContainerItemProxy */ = {
			isa = PBXContainerItemProxy;
			containerPortal = 58CDDB9C29C80B55001A2069 /* Project object */;
			proxyType = 1;
			remoteGlobalIDString = 58CDDBA329C80B55001A2069;
			remoteInfo = LoyaltySDKSample;
		};
		58CDDBBF29C80B57001A2069 /* PBXContainerItemProxy */ = {
			isa = PBXContainerItemProxy;
			containerPortal = 58CDDB9C29C80B55001A2069 /* Project object */;
			proxyType = 1;
			remoteGlobalIDString = 58CDDBA329C80B55001A2069;
			remoteInfo = LoyaltySDKSample;
		};
/* End PBXContainerItemProxy section */

/* Begin PBXFileReference section */
		16A0BD52002140AE3AD35FAD /* Pods-Example.debug.xcconfig */ = {isa = PBXFileReference; includeInIndex = 1; lastKnownFileType = text.xcconfig; name = "Pods-Example.debug.xcconfig"; path = "Target Support Files/Pods-Example/Pods-Example.debug.xcconfig"; sourceTree = "<group>"; };
		1900A8259E6E95E84C9F911F /* Pods-ExampleTests.release.xcconfig */ = {isa = PBXFileReference; includeInIndex = 1; lastKnownFileType = text.xcconfig; name = "Pods-ExampleTests.release.xcconfig"; path = "Target Support Files/Pods-ExampleTests/Pods-ExampleTests.release.xcconfig"; sourceTree = "<group>"; };
		22DF712BE1DD03276942088B /* Pods-ExampleTests.debug.xcconfig */ = {isa = PBXFileReference; includeInIndex = 1; lastKnownFileType = text.xcconfig; name = "Pods-ExampleTests.debug.xcconfig"; path = "Target Support Files/Pods-ExampleTests/Pods-ExampleTests.debug.xcconfig"; sourceTree = "<group>"; };
		39776ECAE886B6ED8CD383D9 /* Pods_Example.framework */ = {isa = PBXFileReference; explicitFileType = wrapper.framework; includeInIndex = 0; path = Pods_Example.framework; sourceTree = BUILT_PRODUCTS_DIR; };
		585673D129CAC4FE00DE4432 /* Constants.swift */ = {isa = PBXFileReference; lastKnownFileType = sourcecode.swift; path = Constants.swift; sourceTree = "<group>"; };
		5829A68429CAB225002C0834 /* ContentViewModel.swift */ = {isa = PBXFileReference; lastKnownFileType = sourcecode.swift; path = ContentViewModel.swift; sourceTree = "<group>"; };
		5829A68629CAB626002C0834 /* RewardListView.swift */ = {isa = PBXFileReference; lastKnownFileType = sourcecode.swift; path = RewardListView.swift; sourceTree = "<group>"; };
		5829A68829CAB637002C0834 /* RewardListViewModel.swift */ = {isa = PBXFileReference; lastKnownFileType = sourcecode.swift; path = RewardListViewModel.swift; sourceTree = "<group>"; };
		58CDDBA429C80B55001A2069 /* Example.app */ = {isa = PBXFileReference; explicitFileType = wrapper.application; includeInIndex = 0; path = Example.app; sourceTree = BUILT_PRODUCTS_DIR; };
		58CDDBA729C80B55001A2069 /* ExampleApp.swift */ = {isa = PBXFileReference; lastKnownFileType = sourcecode.swift; path = ExampleApp.swift; sourceTree = "<group>"; };
		58CDDBA929C80B55001A2069 /* ContentView.swift */ = {isa = PBXFileReference; lastKnownFileType = sourcecode.swift; path = ContentView.swift; sourceTree = "<group>"; };
		58CDDBAB29C80B57001A2069 /* Assets.xcassets */ = {isa = PBXFileReference; lastKnownFileType = folder.assetcatalog; path = Assets.xcassets; sourceTree = "<group>"; };
		58CDDBAE29C80B57001A2069 /* Preview Assets.xcassets */ = {isa = PBXFileReference; lastKnownFileType = folder.assetcatalog; path = "Preview Assets.xcassets"; sourceTree = "<group>"; };
		58CDDBB429C80B57001A2069 /* ExampleTests.xctest */ = {isa = PBXFileReference; explicitFileType = wrapper.cfbundle; includeInIndex = 0; path = ExampleTests.xctest; sourceTree = BUILT_PRODUCTS_DIR; };
		58CDDBB829C80B57001A2069 /* LoyaltySDKSampleTests.swift */ = {isa = PBXFileReference; lastKnownFileType = sourcecode.swift; path = LoyaltySDKSampleTests.swift; sourceTree = "<group>"; };
		58CDDBBE29C80B57001A2069 /* ExampleUITests.xctest */ = {isa = PBXFileReference; explicitFileType = wrapper.cfbundle; includeInIndex = 0; path = ExampleUITests.xctest; sourceTree = BUILT_PRODUCTS_DIR; };
		58CDDBC229C80B57001A2069 /* LoyaltySDKSampleUITests.swift */ = {isa = PBXFileReference; lastKnownFileType = sourcecode.swift; path = LoyaltySDKSampleUITests.swift; sourceTree = "<group>"; };
		58CDDBC429C80B57001A2069 /* LoyaltySDKSampleUITestsLaunchTests.swift */ = {isa = PBXFileReference; lastKnownFileType = sourcecode.swift; path = LoyaltySDKSampleUITestsLaunchTests.swift; sourceTree = "<group>"; };
		7717EB1C61A01CF1F598469F /* Pods_ExampleTests.framework */ = {isa = PBXFileReference; explicitFileType = wrapper.framework; includeInIndex = 0; path = Pods_ExampleTests.framework; sourceTree = BUILT_PRODUCTS_DIR; };
		CD9A42D241E001F508A85175 /* Pods-Example-ExampleUITests.release.xcconfig */ = {isa = PBXFileReference; includeInIndex = 1; lastKnownFileType = text.xcconfig; name = "Pods-Example-ExampleUITests.release.xcconfig"; path = "Target Support Files/Pods-Example-ExampleUITests/Pods-Example-ExampleUITests.release.xcconfig"; sourceTree = "<group>"; };
		DA1A2BA181E08743E0FA1AA6 /* Pods-Example-ExampleUITests.debug.xcconfig */ = {isa = PBXFileReference; includeInIndex = 1; lastKnownFileType = text.xcconfig; name = "Pods-Example-ExampleUITests.debug.xcconfig"; path = "Target Support Files/Pods-Example-ExampleUITests/Pods-Example-ExampleUITests.debug.xcconfig"; sourceTree = "<group>"; };
		DF285C570C6CED9AEB55EC87 /* Pods_Example_ExampleUITests.framework */ = {isa = PBXFileReference; explicitFileType = wrapper.framework; includeInIndex = 0; path = Pods_Example_ExampleUITests.framework; sourceTree = BUILT_PRODUCTS_DIR; };
		DF6973FF77D8B04E69E0ECDC /* Pods-Example.release.xcconfig */ = {isa = PBXFileReference; includeInIndex = 1; lastKnownFileType = text.xcconfig; name = "Pods-Example.release.xcconfig"; path = "Target Support Files/Pods-Example/Pods-Example.release.xcconfig"; sourceTree = "<group>"; };
/* End PBXFileReference section */

/* Begin PBXFrameworksBuildPhase section */
		58CDDBA129C80B55001A2069 /* Frameworks */ = {
			isa = PBXFrameworksBuildPhase;
			buildActionMask = 2147483647;
			files = (
				F2F648C06E9E493301AD2821 /* Pods_Example.framework in Frameworks */,
			);
			runOnlyForDeploymentPostprocessing = 0;
		};
		58CDDBB129C80B57001A2069 /* Frameworks */ = {
			isa = PBXFrameworksBuildPhase;
			buildActionMask = 2147483647;
			files = (
				1A7BAE2AD857BE83EB0EB06D /* Pods_ExampleTests.framework in Frameworks */,
			);
			runOnlyForDeploymentPostprocessing = 0;
		};
		58CDDBBB29C80B57001A2069 /* Frameworks */ = {
			isa = PBXFrameworksBuildPhase;
			buildActionMask = 2147483647;
			files = (
				134F0024E7000DAE9A3F024D /* Pods_Example_ExampleUITests.framework in Frameworks */,
			);
			runOnlyForDeploymentPostprocessing = 0;
		};
/* End PBXFrameworksBuildPhase section */

/* Begin PBXGroup section */
		046540E9AFE10A87D6E8E7C0 /* Frameworks */ = {
			isa = PBXGroup;
			children = (
				39776ECAE886B6ED8CD383D9 /* Pods_Example.framework */,
				DF285C570C6CED9AEB55EC87 /* Pods_Example_ExampleUITests.framework */,
				7717EB1C61A01CF1F598469F /* Pods_ExampleTests.framework */,
			);
			name = Frameworks;
			sourceTree = "<group>";
		};
		58CDDB9B29C80B55001A2069 = {
			isa = PBXGroup;
			children = (
				58CDDBA629C80B55001A2069 /* Example */,
				58CDDBB729C80B57001A2069 /* ExampleTests */,
				58CDDBC129C80B57001A2069 /* ExampleUITests */,
				58CDDBA529C80B55001A2069 /* Products */,
				84E4BDC92662457ABE428607 /* Pods */,
				046540E9AFE10A87D6E8E7C0 /* Frameworks */,
			);
			sourceTree = "<group>";
		};
		58CDDBA529C80B55001A2069 /* Products */ = {
			isa = PBXGroup;
			children = (
				58CDDBA429C80B55001A2069 /* Example.app */,
				58CDDBB429C80B57001A2069 /* ExampleTests.xctest */,
				58CDDBBE29C80B57001A2069 /* ExampleUITests.xctest */,
			);
			name = Products;
			sourceTree = "<group>";
		};
		58CDDBA629C80B55001A2069 /* Example */ = {
			isa = PBXGroup;
			children = (
				58CDDBA729C80B55001A2069 /* ExampleApp.swift */,
				585673D129CAC4FE00DE4432 /* Constants.swift */,
				58CDDBA929C80B55001A2069 /* ContentView.swift */,
				5829A68429CAB225002C0834 /* ContentViewModel.swift */,
				5829A68629CAB626002C0834 /* RewardListView.swift */,
				5829A68829CAB637002C0834 /* RewardListViewModel.swift */,
				58CDDBAB29C80B57001A2069 /* Assets.xcassets */,
				58CDDBAD29C80B57001A2069 /* Preview Content */,
			);
			path = Example;
			sourceTree = "<group>";
		};
		58CDDBAD29C80B57001A2069 /* Preview Content */ = {
			isa = PBXGroup;
			children = (
				58CDDBAE29C80B57001A2069 /* Preview Assets.xcassets */,
			);
			path = "Preview Content";
			sourceTree = "<group>";
		};
		58CDDBB729C80B57001A2069 /* ExampleTests */ = {
			isa = PBXGroup;
			children = (
				58CDDBB829C80B57001A2069 /* LoyaltySDKSampleTests.swift */,
			);
			path = ExampleTests;
			sourceTree = "<group>";
		};
		58CDDBC129C80B57001A2069 /* ExampleUITests */ = {
			isa = PBXGroup;
			children = (
				58CDDBC229C80B57001A2069 /* LoyaltySDKSampleUITests.swift */,
				58CDDBC429C80B57001A2069 /* LoyaltySDKSampleUITestsLaunchTests.swift */,
			);
			path = ExampleUITests;
			sourceTree = "<group>";
		};
		84E4BDC92662457ABE428607 /* Pods */ = {
			isa = PBXGroup;
			children = (
				16A0BD52002140AE3AD35FAD /* Pods-Example.debug.xcconfig */,
				DF6973FF77D8B04E69E0ECDC /* Pods-Example.release.xcconfig */,
				DA1A2BA181E08743E0FA1AA6 /* Pods-Example-ExampleUITests.debug.xcconfig */,
				CD9A42D241E001F508A85175 /* Pods-Example-ExampleUITests.release.xcconfig */,
				22DF712BE1DD03276942088B /* Pods-ExampleTests.debug.xcconfig */,
				1900A8259E6E95E84C9F911F /* Pods-ExampleTests.release.xcconfig */,
			);
			path = Pods;
			sourceTree = "<group>";
		};
/* End PBXGroup section */

/* Begin PBXNativeTarget section */
		58CDDBA329C80B55001A2069 /* Example */ = {
			isa = PBXNativeTarget;
			buildConfigurationList = 58CDDBC829C80B57001A2069 /* Build configuration list for PBXNativeTarget "Example" */;
			buildPhases = (
				9B1CB189E2CDCA199D548DAE /* [CP] Check Pods Manifest.lock */,
				58CDDBA029C80B55001A2069 /* Sources */,
				58CDDBA129C80B55001A2069 /* Frameworks */,
				58CDDBA229C80B55001A2069 /* Resources */,
				C18E09CE7B26EB9DF838B020 /* [CP] Embed Pods Frameworks */,
			);
			buildRules = (
			);
			dependencies = (
			);
			name = Example;
			productName = LoyaltySDKSample;
			productReference = 58CDDBA429C80B55001A2069 /* Example.app */;
			productType = "com.apple.product-type.application";
		};
		58CDDBB329C80B57001A2069 /* ExampleTests */ = {
			isa = PBXNativeTarget;
			buildConfigurationList = 58CDDBCB29C80B57001A2069 /* Build configuration list for PBXNativeTarget "ExampleTests" */;
			buildPhases = (
				C72B66136AB4A3AF65C564BC /* [CP] Check Pods Manifest.lock */,
				58CDDBB029C80B57001A2069 /* Sources */,
				58CDDBB129C80B57001A2069 /* Frameworks */,
				58CDDBB229C80B57001A2069 /* Resources */,
				BC9C550DEE273423A45720EC /* [CP] Embed Pods Frameworks */,
			);
			buildRules = (
			);
			dependencies = (
				58CDDBB629C80B57001A2069 /* PBXTargetDependency */,
			);
			name = ExampleTests;
			productName = LoyaltySDKSampleTests;
			productReference = 58CDDBB429C80B57001A2069 /* ExampleTests.xctest */;
			productType = "com.apple.product-type.bundle.unit-test";
		};
		58CDDBBD29C80B57001A2069 /* ExampleUITests */ = {
			isa = PBXNativeTarget;
			buildConfigurationList = 58CDDBCE29C80B57001A2069 /* Build configuration list for PBXNativeTarget "ExampleUITests" */;
			buildPhases = (
				B6529C3836C4533C5612AF5C /* [CP] Check Pods Manifest.lock */,
				58CDDBBA29C80B57001A2069 /* Sources */,
				58CDDBBB29C80B57001A2069 /* Frameworks */,
				58CDDBBC29C80B57001A2069 /* Resources */,
				71C9CE4F281AEEFEB49DA099 /* [CP] Embed Pods Frameworks */,
			);
			buildRules = (
			);
			dependencies = (
				58CDDBC029C80B57001A2069 /* PBXTargetDependency */,
			);
			name = ExampleUITests;
			productName = LoyaltySDKSampleUITests;
			productReference = 58CDDBBE29C80B57001A2069 /* ExampleUITests.xctest */;
			productType = "com.apple.product-type.bundle.ui-testing";
		};
/* End PBXNativeTarget section */

/* Begin PBXProject section */
		58CDDB9C29C80B55001A2069 /* Project object */ = {
			isa = PBXProject;
			attributes = {
				BuildIndependentTargetsInParallel = 1;
				LastSwiftUpdateCheck = 1420;
				LastUpgradeCheck = 1420;
				TargetAttributes = {
					58CDDBA329C80B55001A2069 = {
						CreatedOnToolsVersion = 14.2;
					};
					58CDDBB329C80B57001A2069 = {
						CreatedOnToolsVersion = 14.2;
						TestTargetID = 58CDDBA329C80B55001A2069;
					};
					58CDDBBD29C80B57001A2069 = {
						CreatedOnToolsVersion = 14.2;
						TestTargetID = 58CDDBA329C80B55001A2069;
					};
				};
			};
			buildConfigurationList = 58CDDB9F29C80B55001A2069 /* Build configuration list for PBXProject "Example" */;
			compatibilityVersion = "Xcode 14.0";
			developmentRegion = en;
			hasScannedForEncodings = 0;
			knownRegions = (
				en,
				Base,
			);
			mainGroup = 58CDDB9B29C80B55001A2069;
			productRefGroup = 58CDDBA529C80B55001A2069 /* Products */;
			projectDirPath = "";
			projectRoot = "";
			targets = (
				58CDDBA329C80B55001A2069 /* Example */,
				58CDDBB329C80B57001A2069 /* ExampleTests */,
				58CDDBBD29C80B57001A2069 /* ExampleUITests */,
			);
		};
/* End PBXProject section */

/* Begin PBXResourcesBuildPhase section */
		58CDDBA229C80B55001A2069 /* Resources */ = {
			isa = PBXResourcesBuildPhase;
			buildActionMask = 2147483647;
			files = (
				58CDDBAF29C80B57001A2069 /* Preview Assets.xcassets in Resources */,
				58CDDBAC29C80B57001A2069 /* Assets.xcassets in Resources */,
			);
			runOnlyForDeploymentPostprocessing = 0;
		};
		58CDDBB229C80B57001A2069 /* Resources */ = {
			isa = PBXResourcesBuildPhase;
			buildActionMask = 2147483647;
			files = (
			);
			runOnlyForDeploymentPostprocessing = 0;
		};
		58CDDBBC29C80B57001A2069 /* Resources */ = {
			isa = PBXResourcesBuildPhase;
			buildActionMask = 2147483647;
			files = (
			);
			runOnlyForDeploymentPostprocessing = 0;
		};
/* End PBXResourcesBuildPhase section */

/* Begin PBXShellScriptBuildPhase section */
		71C9CE4F281AEEFEB49DA099 /* [CP] Embed Pods Frameworks */ = {
			isa = PBXShellScriptBuildPhase;
			buildActionMask = 2147483647;
			files = (
			);
			inputFileListPaths = (
				"${PODS_ROOT}/Target Support Files/Pods-Example-ExampleUITests/Pods-Example-ExampleUITests-frameworks-${CONFIGURATION}-input-files.xcfilelist",
			);
			name = "[CP] Embed Pods Frameworks";
			outputFileListPaths = (
				"${PODS_ROOT}/Target Support Files/Pods-Example-ExampleUITests/Pods-Example-ExampleUITests-frameworks-${CONFIGURATION}-output-files.xcfilelist",
			);
			runOnlyForDeploymentPostprocessing = 0;
			shellPath = /bin/sh;
			shellScript = "\"${PODS_ROOT}/Target Support Files/Pods-Example-ExampleUITests/Pods-Example-ExampleUITests-frameworks.sh\"\n";
			showEnvVarsInLog = 0;
		};
		9B1CB189E2CDCA199D548DAE /* [CP] Check Pods Manifest.lock */ = {
			isa = PBXShellScriptBuildPhase;
			buildActionMask = 2147483647;
			files = (
			);
			inputFileListPaths = (
			);
			inputPaths = (
				"${PODS_PODFILE_DIR_PATH}/Podfile.lock",
				"${PODS_ROOT}/Manifest.lock",
			);
			name = "[CP] Check Pods Manifest.lock";
			outputFileListPaths = (
			);
			outputPaths = (
				"$(DERIVED_FILE_DIR)/Pods-Example-checkManifestLockResult.txt",
			);
			runOnlyForDeploymentPostprocessing = 0;
			shellPath = /bin/sh;
			shellScript = "diff \"${PODS_PODFILE_DIR_PATH}/Podfile.lock\" \"${PODS_ROOT}/Manifest.lock\" > /dev/null\nif [ $? != 0 ] ; then\n    # print error to STDERR\n    echo \"error: The sandbox is not in sync with the Podfile.lock. Run 'pod install' or update your CocoaPods installation.\" >&2\n    exit 1\nfi\n# This output is used by Xcode 'outputs' to avoid re-running this script phase.\necho \"SUCCESS\" > \"${SCRIPT_OUTPUT_FILE_0}\"\n";
			showEnvVarsInLog = 0;
		};
		B6529C3836C4533C5612AF5C /* [CP] Check Pods Manifest.lock */ = {
			isa = PBXShellScriptBuildPhase;
			buildActionMask = 2147483647;
			files = (
			);
			inputFileListPaths = (
			);
			inputPaths = (
				"${PODS_PODFILE_DIR_PATH}/Podfile.lock",
				"${PODS_ROOT}/Manifest.lock",
			);
			name = "[CP] Check Pods Manifest.lock";
			outputFileListPaths = (
			);
			outputPaths = (
				"$(DERIVED_FILE_DIR)/Pods-Example-ExampleUITests-checkManifestLockResult.txt",
			);
			runOnlyForDeploymentPostprocessing = 0;
			shellPath = /bin/sh;
			shellScript = "diff \"${PODS_PODFILE_DIR_PATH}/Podfile.lock\" \"${PODS_ROOT}/Manifest.lock\" > /dev/null\nif [ $? != 0 ] ; then\n    # print error to STDERR\n    echo \"error: The sandbox is not in sync with the Podfile.lock. Run 'pod install' or update your CocoaPods installation.\" >&2\n    exit 1\nfi\n# This output is used by Xcode 'outputs' to avoid re-running this script phase.\necho \"SUCCESS\" > \"${SCRIPT_OUTPUT_FILE_0}\"\n";
			showEnvVarsInLog = 0;
		};
		BC9C550DEE273423A45720EC /* [CP] Embed Pods Frameworks */ = {
			isa = PBXShellScriptBuildPhase;
			buildActionMask = 2147483647;
			files = (
			);
			inputFileListPaths = (
				"${PODS_ROOT}/Target Support Files/Pods-ExampleTests/Pods-ExampleTests-frameworks-${CONFIGURATION}-input-files.xcfilelist",
			);
			name = "[CP] Embed Pods Frameworks";
			outputFileListPaths = (
				"${PODS_ROOT}/Target Support Files/Pods-ExampleTests/Pods-ExampleTests-frameworks-${CONFIGURATION}-output-files.xcfilelist",
			);
			runOnlyForDeploymentPostprocessing = 0;
			shellPath = /bin/sh;
			shellScript = "\"${PODS_ROOT}/Target Support Files/Pods-ExampleTests/Pods-ExampleTests-frameworks.sh\"\n";
			showEnvVarsInLog = 0;
		};
		C18E09CE7B26EB9DF838B020 /* [CP] Embed Pods Frameworks */ = {
			isa = PBXShellScriptBuildPhase;
			buildActionMask = 2147483647;
			files = (
			);
			inputFileListPaths = (
				"${PODS_ROOT}/Target Support Files/Pods-Example/Pods-Example-frameworks-${CONFIGURATION}-input-files.xcfilelist",
			);
			name = "[CP] Embed Pods Frameworks";
			outputFileListPaths = (
				"${PODS_ROOT}/Target Support Files/Pods-Example/Pods-Example-frameworks-${CONFIGURATION}-output-files.xcfilelist",
			);
			runOnlyForDeploymentPostprocessing = 0;
			shellPath = /bin/sh;
			shellScript = "\"${PODS_ROOT}/Target Support Files/Pods-Example/Pods-Example-frameworks.sh\"\n";
			showEnvVarsInLog = 0;
		};
		C72B66136AB4A3AF65C564BC /* [CP] Check Pods Manifest.lock */ = {
			isa = PBXShellScriptBuildPhase;
			buildActionMask = 2147483647;
			files = (
			);
			inputFileListPaths = (
			);
			inputPaths = (
				"${PODS_PODFILE_DIR_PATH}/Podfile.lock",
				"${PODS_ROOT}/Manifest.lock",
			);
			name = "[CP] Check Pods Manifest.lock";
			outputFileListPaths = (
			);
			outputPaths = (
				"$(DERIVED_FILE_DIR)/Pods-ExampleTests-checkManifestLockResult.txt",
			);
			runOnlyForDeploymentPostprocessing = 0;
			shellPath = /bin/sh;
			shellScript = "diff \"${PODS_PODFILE_DIR_PATH}/Podfile.lock\" \"${PODS_ROOT}/Manifest.lock\" > /dev/null\nif [ $? != 0 ] ; then\n    # print error to STDERR\n    echo \"error: The sandbox is not in sync with the Podfile.lock. Run 'pod install' or update your CocoaPods installation.\" >&2\n    exit 1\nfi\n# This output is used by Xcode 'outputs' to avoid re-running this script phase.\necho \"SUCCESS\" > \"${SCRIPT_OUTPUT_FILE_0}\"\n";
			showEnvVarsInLog = 0;
		};
/* End PBXShellScriptBuildPhase section */

/* Begin PBXSourcesBuildPhase section */
		58CDDBA029C80B55001A2069 /* Sources */ = {
			isa = PBXSourcesBuildPhase;
			buildActionMask = 2147483647;
			files = (
				58CDDBAA29C80B55001A2069 /* ContentView.swift in Sources */,
				58CDDBA829C80B55001A2069 /* ExampleApp.swift in Sources */,
				585673D229CAC4FE00DE4432 /* Constants.swift in Sources */,
				5829A68929CAB637002C0834 /* RewardListViewModel.swift in Sources */,
				5829A68529CAB225002C0834 /* ContentViewModel.swift in Sources */,
				5829A68729CAB626002C0834 /* RewardListView.swift in Sources */,
			);
			runOnlyForDeploymentPostprocessing = 0;
		};
		58CDDBB029C80B57001A2069 /* Sources */ = {
			isa = PBXSourcesBuildPhase;
			buildActionMask = 2147483647;
			files = (
				58CDDBB929C80B57001A2069 /* LoyaltySDKSampleTests.swift in Sources */,
			);
			runOnlyForDeploymentPostprocessing = 0;
		};
		58CDDBBA29C80B57001A2069 /* Sources */ = {
			isa = PBXSourcesBuildPhase;
			buildActionMask = 2147483647;
			files = (
				58CDDBC529C80B57001A2069 /* LoyaltySDKSampleUITestsLaunchTests.swift in Sources */,
				58CDDBC329C80B57001A2069 /* LoyaltySDKSampleUITests.swift in Sources */,
			);
			runOnlyForDeploymentPostprocessing = 0;
		};
/* End PBXSourcesBuildPhase section */

/* Begin PBXTargetDependency section */
		58CDDBB629C80B57001A2069 /* PBXTargetDependency */ = {
			isa = PBXTargetDependency;
			target = 58CDDBA329C80B55001A2069 /* Example */;
			targetProxy = 58CDDBB529C80B57001A2069 /* PBXContainerItemProxy */;
		};
		58CDDBC029C80B57001A2069 /* PBXTargetDependency */ = {
			isa = PBXTargetDependency;
			target = 58CDDBA329C80B55001A2069 /* Example */;
			targetProxy = 58CDDBBF29C80B57001A2069 /* PBXContainerItemProxy */;
		};
/* End PBXTargetDependency section */

/* Begin XCBuildConfiguration section */
		58CDDBC629C80B57001A2069 /* Debug */ = {
			isa = XCBuildConfiguration;
			buildSettings = {
				ALWAYS_SEARCH_USER_PATHS = NO;
				CLANG_ANALYZER_NONNULL = YES;
				CLANG_ANALYZER_NUMBER_OBJECT_CONVERSION = YES_AGGRESSIVE;
				CLANG_CXX_LANGUAGE_STANDARD = "gnu++20";
				CLANG_ENABLE_MODULES = YES;
				CLANG_ENABLE_OBJC_ARC = YES;
				CLANG_ENABLE_OBJC_WEAK = YES;
				CLANG_WARN_BLOCK_CAPTURE_AUTORELEASING = YES;
				CLANG_WARN_BOOL_CONVERSION = YES;
				CLANG_WARN_COMMA = YES;
				CLANG_WARN_CONSTANT_CONVERSION = YES;
				CLANG_WARN_DEPRECATED_OBJC_IMPLEMENTATIONS = YES;
				CLANG_WARN_DIRECT_OBJC_ISA_USAGE = YES_ERROR;
				CLANG_WARN_DOCUMENTATION_COMMENTS = YES;
				CLANG_WARN_EMPTY_BODY = YES;
				CLANG_WARN_ENUM_CONVERSION = YES;
				CLANG_WARN_INFINITE_RECURSION = YES;
				CLANG_WARN_INT_CONVERSION = YES;
				CLANG_WARN_NON_LITERAL_NULL_CONVERSION = YES;
				CLANG_WARN_OBJC_IMPLICIT_RETAIN_SELF = YES;
				CLANG_WARN_OBJC_LITERAL_CONVERSION = YES;
				CLANG_WARN_OBJC_ROOT_CLASS = YES_ERROR;
				CLANG_WARN_QUOTED_INCLUDE_IN_FRAMEWORK_HEADER = YES;
				CLANG_WARN_RANGE_LOOP_ANALYSIS = YES;
				CLANG_WARN_STRICT_PROTOTYPES = YES;
				CLANG_WARN_SUSPICIOUS_MOVE = YES;
				CLANG_WARN_UNGUARDED_AVAILABILITY = YES_AGGRESSIVE;
				CLANG_WARN_UNREACHABLE_CODE = YES;
				CLANG_WARN__DUPLICATE_METHOD_MATCH = YES;
				COPY_PHASE_STRIP = NO;
				DEBUG_INFORMATION_FORMAT = dwarf;
				ENABLE_STRICT_OBJC_MSGSEND = YES;
				ENABLE_TESTABILITY = YES;
				GCC_C_LANGUAGE_STANDARD = gnu11;
				GCC_DYNAMIC_NO_PIC = NO;
				GCC_NO_COMMON_BLOCKS = YES;
				GCC_OPTIMIZATION_LEVEL = 0;
				GCC_PREPROCESSOR_DEFINITIONS = (
					"DEBUG=1",
					"$(inherited)",
				);
				GCC_WARN_64_TO_32_BIT_CONVERSION = YES;
				GCC_WARN_ABOUT_RETURN_TYPE = YES_ERROR;
				GCC_WARN_UNDECLARED_SELECTOR = YES;
				GCC_WARN_UNINITIALIZED_AUTOS = YES_AGGRESSIVE;
				GCC_WARN_UNUSED_FUNCTION = YES;
				GCC_WARN_UNUSED_VARIABLE = YES;
				IPHONEOS_DEPLOYMENT_TARGET = 14.0;
				MTL_ENABLE_DEBUG_INFO = INCLUDE_SOURCE;
				MTL_FAST_MATH = YES;
				ONLY_ACTIVE_ARCH = YES;
				SDKROOT = iphoneos;
				SWIFT_ACTIVE_COMPILATION_CONDITIONS = DEBUG;
				SWIFT_OPTIMIZATION_LEVEL = "-Onone";
			};
			name = Debug;
		};
		58CDDBC729C80B57001A2069 /* Release */ = {
			isa = XCBuildConfiguration;
			buildSettings = {
				ALWAYS_SEARCH_USER_PATHS = NO;
				CLANG_ANALYZER_NONNULL = YES;
				CLANG_ANALYZER_NUMBER_OBJECT_CONVERSION = YES_AGGRESSIVE;
				CLANG_CXX_LANGUAGE_STANDARD = "gnu++20";
				CLANG_ENABLE_MODULES = YES;
				CLANG_ENABLE_OBJC_ARC = YES;
				CLANG_ENABLE_OBJC_WEAK = YES;
				CLANG_WARN_BLOCK_CAPTURE_AUTORELEASING = YES;
				CLANG_WARN_BOOL_CONVERSION = YES;
				CLANG_WARN_COMMA = YES;
				CLANG_WARN_CONSTANT_CONVERSION = YES;
				CLANG_WARN_DEPRECATED_OBJC_IMPLEMENTATIONS = YES;
				CLANG_WARN_DIRECT_OBJC_ISA_USAGE = YES_ERROR;
				CLANG_WARN_DOCUMENTATION_COMMENTS = YES;
				CLANG_WARN_EMPTY_BODY = YES;
				CLANG_WARN_ENUM_CONVERSION = YES;
				CLANG_WARN_INFINITE_RECURSION = YES;
				CLANG_WARN_INT_CONVERSION = YES;
				CLANG_WARN_NON_LITERAL_NULL_CONVERSION = YES;
				CLANG_WARN_OBJC_IMPLICIT_RETAIN_SELF = YES;
				CLANG_WARN_OBJC_LITERAL_CONVERSION = YES;
				CLANG_WARN_OBJC_ROOT_CLASS = YES_ERROR;
				CLANG_WARN_QUOTED_INCLUDE_IN_FRAMEWORK_HEADER = YES;
				CLANG_WARN_RANGE_LOOP_ANALYSIS = YES;
				CLANG_WARN_STRICT_PROTOTYPES = YES;
				CLANG_WARN_SUSPICIOUS_MOVE = YES;
				CLANG_WARN_UNGUARDED_AVAILABILITY = YES_AGGRESSIVE;
				CLANG_WARN_UNREACHABLE_CODE = YES;
				CLANG_WARN__DUPLICATE_METHOD_MATCH = YES;
				COPY_PHASE_STRIP = NO;
				DEBUG_INFORMATION_FORMAT = "dwarf-with-dsym";
				ENABLE_NS_ASSERTIONS = NO;
				ENABLE_STRICT_OBJC_MSGSEND = YES;
				GCC_C_LANGUAGE_STANDARD = gnu11;
				GCC_NO_COMMON_BLOCKS = YES;
				GCC_WARN_64_TO_32_BIT_CONVERSION = YES;
				GCC_WARN_ABOUT_RETURN_TYPE = YES_ERROR;
				GCC_WARN_UNDECLARED_SELECTOR = YES;
				GCC_WARN_UNINITIALIZED_AUTOS = YES_AGGRESSIVE;
				GCC_WARN_UNUSED_FUNCTION = YES;
				GCC_WARN_UNUSED_VARIABLE = YES;
				IPHONEOS_DEPLOYMENT_TARGET = 14.0;
				MTL_ENABLE_DEBUG_INFO = NO;
				MTL_FAST_MATH = YES;
				SDKROOT = iphoneos;
				SWIFT_COMPILATION_MODE = wholemodule;
				SWIFT_OPTIMIZATION_LEVEL = "-O";
				VALIDATE_PRODUCT = YES;
			};
			name = Release;
		};
		58CDDBC929C80B57001A2069 /* Debug */ = {
			isa = XCBuildConfiguration;
			baseConfigurationReference = 16A0BD52002140AE3AD35FAD /* Pods-Example.debug.xcconfig */;
			buildSettings = {
				ASSETCATALOG_COMPILER_APPICON_NAME = AppIcon;
				ASSETCATALOG_COMPILER_GLOBAL_ACCENT_COLOR_NAME = AccentColor;
				CODE_SIGN_STYLE = Automatic;
				CURRENT_PROJECT_VERSION = 1;
				DEVELOPMENT_ASSET_PATHS = "\"Example/Preview Content\"";
				DEVELOPMENT_TEAM = 4TWS7E2EPE;
				ENABLE_PREVIEWS = YES;
				GENERATE_INFOPLIST_FILE = YES;
				INFOPLIST_KEY_UIApplicationSceneManifest_Generation = YES;
				INFOPLIST_KEY_UIApplicationSupportsIndirectInputEvents = YES;
				INFOPLIST_KEY_UILaunchScreen_Generation = YES;
				INFOPLIST_KEY_UISupportedInterfaceOrientations = "UIInterfaceOrientationLandscapeLeft UIInterfaceOrientationLandscapeRight UIInterfaceOrientationPortrait";
				INFOPLIST_KEY_UISupportedInterfaceOrientations_iPad = "UIInterfaceOrientationLandscapeLeft UIInterfaceOrientationLandscapeRight UIInterfaceOrientationPortrait UIInterfaceOrientationPortraitUpsideDown";
				IPHONEOS_DEPLOYMENT_TARGET = 14.0;
				LD_RUNPATH_SEARCH_PATHS = (
					"$(inherited)",
					"@executable_path/Frameworks",
				);
				MARKETING_VERSION = 1.0;
				PRODUCT_BUNDLE_IDENTIFIER = co.nimblehq.loyalty.sdk.sample;
				PRODUCT_NAME = "$(TARGET_NAME)";
				SWIFT_EMIT_LOC_STRINGS = YES;
				SWIFT_VERSION = 5.0;
				TARGETED_DEVICE_FAMILY = "1,2";
			};
			name = Debug;
		};
		58CDDBCA29C80B57001A2069 /* Release */ = {
			isa = XCBuildConfiguration;
			baseConfigurationReference = DF6973FF77D8B04E69E0ECDC /* Pods-Example.release.xcconfig */;
			buildSettings = {
				ASSETCATALOG_COMPILER_APPICON_NAME = AppIcon;
				ASSETCATALOG_COMPILER_GLOBAL_ACCENT_COLOR_NAME = AccentColor;
				CODE_SIGN_STYLE = Automatic;
				CURRENT_PROJECT_VERSION = 1;
				DEVELOPMENT_ASSET_PATHS = "\"Example/Preview Content\"";
				DEVELOPMENT_TEAM = 4TWS7E2EPE;
				ENABLE_PREVIEWS = YES;
				GENERATE_INFOPLIST_FILE = YES;
				INFOPLIST_KEY_UIApplicationSceneManifest_Generation = YES;
				INFOPLIST_KEY_UIApplicationSupportsIndirectInputEvents = YES;
				INFOPLIST_KEY_UILaunchScreen_Generation = YES;
				INFOPLIST_KEY_UISupportedInterfaceOrientations = "UIInterfaceOrientationLandscapeLeft UIInterfaceOrientationLandscapeRight UIInterfaceOrientationPortrait";
				INFOPLIST_KEY_UISupportedInterfaceOrientations_iPad = "UIInterfaceOrientationLandscapeLeft UIInterfaceOrientationLandscapeRight UIInterfaceOrientationPortrait UIInterfaceOrientationPortraitUpsideDown";
				IPHONEOS_DEPLOYMENT_TARGET = 14.0;
				LD_RUNPATH_SEARCH_PATHS = (
					"$(inherited)",
					"@executable_path/Frameworks",
				);
				MARKETING_VERSION = 1.0;
				PRODUCT_BUNDLE_IDENTIFIER = co.nimblehq.loyalty.sdk.sample;
				PRODUCT_NAME = "$(TARGET_NAME)";
				SWIFT_EMIT_LOC_STRINGS = YES;
				SWIFT_VERSION = 5.0;
				TARGETED_DEVICE_FAMILY = "1,2";
			};
			name = Release;
		};
		58CDDBCC29C80B57001A2069 /* Debug */ = {
			isa = XCBuildConfiguration;
			baseConfigurationReference = 22DF712BE1DD03276942088B /* Pods-ExampleTests.debug.xcconfig */;
			buildSettings = {
				ALWAYS_EMBED_SWIFT_STANDARD_LIBRARIES = YES;
				BUNDLE_LOADER = "$(TEST_HOST)";
				CODE_SIGN_STYLE = Automatic;
				CURRENT_PROJECT_VERSION = 1;
				DEVELOPMENT_TEAM = 4TWS7E2EPE;
				GENERATE_INFOPLIST_FILE = YES;
				IPHONEOS_DEPLOYMENT_TARGET = 14.0;
				MARKETING_VERSION = 1.0;
				PRODUCT_BUNDLE_IDENTIFIER = co.nimblehq.loyalty.sdk.sample.LoyaltySDKSampleTests;
				PRODUCT_NAME = "$(TARGET_NAME)";
				SWIFT_EMIT_LOC_STRINGS = NO;
				SWIFT_VERSION = 5.0;
				TARGETED_DEVICE_FAMILY = "1,2";
				TEST_HOST = "$(BUILT_PRODUCTS_DIR)/Example.app/$(BUNDLE_EXECUTABLE_FOLDER_PATH)/Example";
			};
			name = Debug;
		};
		58CDDBCD29C80B57001A2069 /* Release */ = {
			isa = XCBuildConfiguration;
			baseConfigurationReference = 1900A8259E6E95E84C9F911F /* Pods-ExampleTests.release.xcconfig */;
			buildSettings = {
				ALWAYS_EMBED_SWIFT_STANDARD_LIBRARIES = YES;
				BUNDLE_LOADER = "$(TEST_HOST)";
				CODE_SIGN_STYLE = Automatic;
				CURRENT_PROJECT_VERSION = 1;
				DEVELOPMENT_TEAM = 4TWS7E2EPE;
				GENERATE_INFOPLIST_FILE = YES;
				IPHONEOS_DEPLOYMENT_TARGET = 14.0;
				MARKETING_VERSION = 1.0;
				PRODUCT_BUNDLE_IDENTIFIER = co.nimblehq.loyalty.sdk.sample.LoyaltySDKSampleTests;
				PRODUCT_NAME = "$(TARGET_NAME)";
				SWIFT_EMIT_LOC_STRINGS = NO;
				SWIFT_VERSION = 5.0;
				TARGETED_DEVICE_FAMILY = "1,2";
				TEST_HOST = "$(BUILT_PRODUCTS_DIR)/Example.app/$(BUNDLE_EXECUTABLE_FOLDER_PATH)/Example";
			};
			name = Release;
		};
		58CDDBCF29C80B57001A2069 /* Debug */ = {
			isa = XCBuildConfiguration;
			baseConfigurationReference = DA1A2BA181E08743E0FA1AA6 /* Pods-Example-ExampleUITests.debug.xcconfig */;
			buildSettings = {
				ALWAYS_EMBED_SWIFT_STANDARD_LIBRARIES = YES;
				CODE_SIGN_STYLE = Automatic;
				CURRENT_PROJECT_VERSION = 1;
				DEVELOPMENT_TEAM = 4TWS7E2EPE;
				GENERATE_INFOPLIST_FILE = YES;
				MARKETING_VERSION = 1.0;
				PRODUCT_BUNDLE_IDENTIFIER = co.nimblehq.loyalty.sdk.sample.LoyaltySDKSampleUITests;
				PRODUCT_NAME = "$(TARGET_NAME)";
				SWIFT_EMIT_LOC_STRINGS = NO;
				SWIFT_VERSION = 5.0;
				TARGETED_DEVICE_FAMILY = "1,2";
				TEST_TARGET_NAME = LoyaltySDKSample;
			};
			name = Debug;
		};
		58CDDBD029C80B57001A2069 /* Release */ = {
			isa = XCBuildConfiguration;
			baseConfigurationReference = CD9A42D241E001F508A85175 /* Pods-Example-ExampleUITests.release.xcconfig */;
			buildSettings = {
				ALWAYS_EMBED_SWIFT_STANDARD_LIBRARIES = YES;
				CODE_SIGN_STYLE = Automatic;
				CURRENT_PROJECT_VERSION = 1;
				DEVELOPMENT_TEAM = 4TWS7E2EPE;
				GENERATE_INFOPLIST_FILE = YES;
				MARKETING_VERSION = 1.0;
				PRODUCT_BUNDLE_IDENTIFIER = co.nimblehq.loyalty.sdk.sample.LoyaltySDKSampleUITests;
				PRODUCT_NAME = "$(TARGET_NAME)";
				SWIFT_EMIT_LOC_STRINGS = NO;
				SWIFT_VERSION = 5.0;
				TARGETED_DEVICE_FAMILY = "1,2";
				TEST_TARGET_NAME = LoyaltySDKSample;
			};
			name = Release;
		};
/* End XCBuildConfiguration section */

/* Begin XCConfigurationList section */
		58CDDB9F29C80B55001A2069 /* Build configuration list for PBXProject "Example" */ = {
			isa = XCConfigurationList;
			buildConfigurations = (
				58CDDBC629C80B57001A2069 /* Debug */,
				58CDDBC729C80B57001A2069 /* Release */,
			);
			defaultConfigurationIsVisible = 0;
			defaultConfigurationName = Release;
		};
		58CDDBC829C80B57001A2069 /* Build configuration list for PBXNativeTarget "Example" */ = {
			isa = XCConfigurationList;
			buildConfigurations = (
				58CDDBC929C80B57001A2069 /* Debug */,
				58CDDBCA29C80B57001A2069 /* Release */,
			);
			defaultConfigurationIsVisible = 0;
			defaultConfigurationName = Release;
		};
		58CDDBCB29C80B57001A2069 /* Build configuration list for PBXNativeTarget "ExampleTests" */ = {
			isa = XCConfigurationList;
			buildConfigurations = (
				58CDDBCC29C80B57001A2069 /* Debug */,
				58CDDBCD29C80B57001A2069 /* Release */,
			);
			defaultConfigurationIsVisible = 0;
			defaultConfigurationName = Release;
		};
		58CDDBCE29C80B57001A2069 /* Build configuration list for PBXNativeTarget "ExampleUITests" */ = {
			isa = XCConfigurationList;
			buildConfigurations = (
				58CDDBCF29C80B57001A2069 /* Debug */,
				58CDDBD029C80B57001A2069 /* Release */,
			);
			defaultConfigurationIsVisible = 0;
			defaultConfigurationName = Release;
		};
/* End XCConfigurationList section */
	};
	rootObject = 58CDDB9C29C80B55001A2069 /* Project object */;
}
