// !$*UTF8*$!
{
	archiveVersion = 1;
	classes = {
	};
	objectVersion = 56;
	objects = {

/* Begin PBXBuildFile section */
		28C7199BEC5559636CC10762 /* Pods_LoyaltySDK_LoyaltySDKTests.framework in Frameworks */ = {isa = PBXBuildFile; fileRef = 9B11250EC983DEB8CBC261FF /* Pods_LoyaltySDK_LoyaltySDKTests.framework */; };
		5806F19F29C40C00002D0390 /* KeychainKey.swift in Sources */ = {isa = PBXBuildFile; fileRef = 5806F19A29C40C00002D0390 /* KeychainKey.swift */; };
		5806F1A029C40C00002D0390 /* Keychain.swift in Sources */ = {isa = PBXBuildFile; fileRef = 5806F19B29C40C00002D0390 /* Keychain.swift */; };
		5806F1A429C44847002D0390 /* Constants.swift in Sources */ = {isa = PBXBuildFile; fileRef = 5806F1A329C44847002D0390 /* Constants.swift */; };
		5806F1A629C4486E002D0390 /* Constants+API.swift in Sources */ = {isa = PBXBuildFile; fileRef = 5806F1A529C4486E002D0390 /* Constants+API.swift */; };
		58A6DF1529C958B200E93ADE /* APIRewardList.swift in Sources */ = {isa = PBXBuildFile; fileRef = 58A6DF1429C958B200E93ADE /* APIRewardList.swift */; };
		58A6DF1729C9592600E93ADE /* APIRedeemedRewardList.swift in Sources */ = {isa = PBXBuildFile; fileRef = 58A6DF1629C9592600E93ADE /* APIRedeemedRewardList.swift */; };
		58A6DF1929C9598600E93ADE /* APIError.swift in Sources */ = {isa = PBXBuildFile; fileRef = 58A6DF1829C9598600E93ADE /* APIError.swift */; };
		58A89C5F29C2EEC20040CD7C /* LoyaltySDK.docc in Sources */ = {isa = PBXBuildFile; fileRef = 58A89C5E29C2EEC20040CD7C /* LoyaltySDK.docc */; };
		58A89C6529C2EEC20040CD7C /* LoyaltySDK.framework in Frameworks */ = {isa = PBXBuildFile; fileRef = 58A89C5A29C2EEC20040CD7C /* LoyaltySDK.framework */; };
		58A89C6A29C2EEC20040CD7C /* LoyaltySDKTests.swift in Sources */ = {isa = PBXBuildFile; fileRef = 58A89C6929C2EEC20040CD7C /* LoyaltySDKTests.swift */; };
		58A89C6B29C2EEC20040CD7C /* LoyaltySDK.h in Headers */ = {isa = PBXBuildFile; fileRef = 58A89C5D29C2EEC20040CD7C /* LoyaltySDK.h */; settings = {ATTRIBUTES = (Public, ); }; };
		58A89C7629C2EF610040CD7C /* NimbleLoyaltySDK.swift in Sources */ = {isa = PBXBuildFile; fileRef = 58A89C7529C2EF610040CD7C /* NimbleLoyaltySDK.swift */; };
		58CDDBD529C83359001A2069 /* RequestConfiguration.swift in Sources */ = {isa = PBXBuildFile; fileRef = 58CDDBD429C83359001A2069 /* RequestConfiguration.swift */; };
		58CDDBD729C83491001A2069 /* Typealiases.swift in Sources */ = {isa = PBXBuildFile; fileRef = 58CDDBD629C83491001A2069 /* Typealiases.swift */; };
		58CDDBDA29C834D4001A2069 /* AuthPlugin.swift in Sources */ = {isa = PBXBuildFile; fileRef = 58CDDBD929C834D4001A2069 /* AuthPlugin.swift */; };
		58CDDBDF29C835C4001A2069 /* NetworkAPI.swift in Sources */ = {isa = PBXBuildFile; fileRef = 58CDDBDE29C835C4001A2069 /* NetworkAPI.swift */; };
		58CDDBE129C836EB001A2069 /* NetworkAPIProtocol.swift in Sources */ = {isa = PBXBuildFile; fileRef = 58CDDBE029C836EB001A2069 /* NetworkAPIProtocol.swift */; };
		58CDDBE929C83BE6001A2069 /* Reward.swift in Sources */ = {isa = PBXBuildFile; fileRef = 58CDDBE829C83BE6001A2069 /* Reward.swift */; };
		58CDDBEB29C83C97001A2069 /* APIReward.swift in Sources */ = {isa = PBXBuildFile; fileRef = 58CDDBEA29C83C97001A2069 /* APIReward.swift */; };
		58CDDBEF29C83E41001A2069 /* RewardState.swift in Sources */ = {isa = PBXBuildFile; fileRef = 58CDDBEE29C83E41001A2069 /* RewardState.swift */; };
		58CDDBF129C83E55001A2069 /* RewardType.swift in Sources */ = {isa = PBXBuildFile; fileRef = 58CDDBF029C83E55001A2069 /* RewardType.swift */; };
		58DDF0A429C85D3600DA28CD /* RewardRepositoryProtocol.swift in Sources */ = {isa = PBXBuildFile; fileRef = 58DDF0A329C85D3600DA28CD /* RewardRepositoryProtocol.swift */; };
		58DDF0A729C85DAE00DA28CD /* RewardRepository.swift in Sources */ = {isa = PBXBuildFile; fileRef = 58DDF0A629C85DAE00DA28CD /* RewardRepository.swift */; };
		BED587F370A1378A6E51F1E3 /* Pods_LoyaltySDK.framework in Frameworks */ = {isa = PBXBuildFile; fileRef = 3DDDD176E6066CF68DDF3042 /* Pods_LoyaltySDK.framework */; };
/* End PBXBuildFile section */

/* Begin PBXContainerItemProxy section */
		58A89C6629C2EEC20040CD7C /* PBXContainerItemProxy */ = {
			isa = PBXContainerItemProxy;
			containerPortal = 58A89C5129C2EEC20040CD7C /* Project object */;
			proxyType = 1;
			remoteGlobalIDString = 58A89C5929C2EEC20040CD7C;
			remoteInfo = LoyaltySDK;
		};
/* End PBXContainerItemProxy section */

/* Begin PBXFileReference section */
		1C712666BAD6A18190836BC6 /* Pods-LoyaltySDK-LoyaltySDKTests.debug.xcconfig */ = {isa = PBXFileReference; includeInIndex = 1; lastKnownFileType = text.xcconfig; name = "Pods-LoyaltySDK-LoyaltySDKTests.debug.xcconfig"; path = "Target Support Files/Pods-LoyaltySDK-LoyaltySDKTests/Pods-LoyaltySDK-LoyaltySDKTests.debug.xcconfig"; sourceTree = "<group>"; };
		3DDDD176E6066CF68DDF3042 /* Pods_LoyaltySDK.framework */ = {isa = PBXFileReference; explicitFileType = wrapper.framework; includeInIndex = 0; path = Pods_LoyaltySDK.framework; sourceTree = BUILT_PRODUCTS_DIR; };
		5806F19A29C40C00002D0390 /* KeychainKey.swift */ = {isa = PBXFileReference; fileEncoding = 4; lastKnownFileType = sourcecode.swift; path = KeychainKey.swift; sourceTree = "<group>"; };
		5806F19B29C40C00002D0390 /* Keychain.swift */ = {isa = PBXFileReference; fileEncoding = 4; lastKnownFileType = sourcecode.swift; path = Keychain.swift; sourceTree = "<group>"; };
		5806F1A329C44847002D0390 /* Constants.swift */ = {isa = PBXFileReference; lastKnownFileType = sourcecode.swift; path = Constants.swift; sourceTree = "<group>"; };
		5806F1A529C4486E002D0390 /* Constants+API.swift */ = {isa = PBXFileReference; lastKnownFileType = sourcecode.swift; path = "Constants+API.swift"; sourceTree = "<group>"; };
		58A6DF1429C958B200E93ADE /* APIRewardList.swift */ = {isa = PBXFileReference; lastKnownFileType = sourcecode.swift; path = APIRewardList.swift; sourceTree = "<group>"; };
		58A6DF1629C9592600E93ADE /* APIRedeemedRewardList.swift */ = {isa = PBXFileReference; lastKnownFileType = sourcecode.swift; path = APIRedeemedRewardList.swift; sourceTree = "<group>"; };
		58A6DF1829C9598600E93ADE /* APIError.swift */ = {isa = PBXFileReference; lastKnownFileType = sourcecode.swift; path = APIError.swift; sourceTree = "<group>"; };
		58A89C5A29C2EEC20040CD7C /* LoyaltySDK.framework */ = {isa = PBXFileReference; explicitFileType = wrapper.framework; includeInIndex = 0; path = LoyaltySDK.framework; sourceTree = BUILT_PRODUCTS_DIR; };
		58A89C5D29C2EEC20040CD7C /* LoyaltySDK.h */ = {isa = PBXFileReference; lastKnownFileType = sourcecode.c.h; path = LoyaltySDK.h; sourceTree = "<group>"; };
		58A89C5E29C2EEC20040CD7C /* LoyaltySDK.docc */ = {isa = PBXFileReference; lastKnownFileType = folder.documentationcatalog; path = LoyaltySDK.docc; sourceTree = "<group>"; };
		58A89C6429C2EEC20040CD7C /* LoyaltySDKTests.xctest */ = {isa = PBXFileReference; explicitFileType = wrapper.cfbundle; includeInIndex = 0; path = LoyaltySDKTests.xctest; sourceTree = BUILT_PRODUCTS_DIR; };
		58A89C6929C2EEC20040CD7C /* LoyaltySDKTests.swift */ = {isa = PBXFileReference; lastKnownFileType = sourcecode.swift; path = LoyaltySDKTests.swift; sourceTree = "<group>"; };
		58A89C7529C2EF610040CD7C /* NimbleLoyaltySDK.swift */ = {isa = PBXFileReference; lastKnownFileType = sourcecode.swift; path = NimbleLoyaltySDK.swift; sourceTree = "<group>"; };
		58CDDBD429C83359001A2069 /* RequestConfiguration.swift */ = {isa = PBXFileReference; lastKnownFileType = sourcecode.swift; path = RequestConfiguration.swift; sourceTree = "<group>"; };
		58CDDBD629C83491001A2069 /* Typealiases.swift */ = {isa = PBXFileReference; lastKnownFileType = sourcecode.swift; path = Typealiases.swift; sourceTree = "<group>"; };
		58CDDBD929C834D4001A2069 /* AuthPlugin.swift */ = {isa = PBXFileReference; lastKnownFileType = sourcecode.swift; path = AuthPlugin.swift; sourceTree = "<group>"; };
		58CDDBDE29C835C4001A2069 /* NetworkAPI.swift */ = {isa = PBXFileReference; lastKnownFileType = sourcecode.swift; path = NetworkAPI.swift; sourceTree = "<group>"; };
		58CDDBE029C836EB001A2069 /* NetworkAPIProtocol.swift */ = {isa = PBXFileReference; lastKnownFileType = sourcecode.swift; path = NetworkAPIProtocol.swift; sourceTree = "<group>"; };
		58CDDBE829C83BE6001A2069 /* Reward.swift */ = {isa = PBXFileReference; lastKnownFileType = sourcecode.swift; path = Reward.swift; sourceTree = "<group>"; };
		58CDDBEA29C83C97001A2069 /* APIReward.swift */ = {isa = PBXFileReference; lastKnownFileType = sourcecode.swift; path = APIReward.swift; sourceTree = "<group>"; };
		58CDDBEE29C83E41001A2069 /* RewardState.swift */ = {isa = PBXFileReference; lastKnownFileType = sourcecode.swift; path = RewardState.swift; sourceTree = "<group>"; };
		58CDDBF029C83E55001A2069 /* RewardType.swift */ = {isa = PBXFileReference; lastKnownFileType = sourcecode.swift; path = RewardType.swift; sourceTree = "<group>"; };
		58DDF0A329C85D3600DA28CD /* RewardRepositoryProtocol.swift */ = {isa = PBXFileReference; lastKnownFileType = sourcecode.swift; path = RewardRepositoryProtocol.swift; sourceTree = "<group>"; };
		58DDF0A629C85DAE00DA28CD /* RewardRepository.swift */ = {isa = PBXFileReference; lastKnownFileType = sourcecode.swift; path = RewardRepository.swift; sourceTree = "<group>"; };
		9B11250EC983DEB8CBC261FF /* Pods_LoyaltySDK_LoyaltySDKTests.framework */ = {isa = PBXFileReference; explicitFileType = wrapper.framework; includeInIndex = 0; path = Pods_LoyaltySDK_LoyaltySDKTests.framework; sourceTree = BUILT_PRODUCTS_DIR; };
		A7A513F649B263140A4BCDAE /* Pods-LoyaltySDK.release.xcconfig */ = {isa = PBXFileReference; includeInIndex = 1; lastKnownFileType = text.xcconfig; name = "Pods-LoyaltySDK.release.xcconfig"; path = "Target Support Files/Pods-LoyaltySDK/Pods-LoyaltySDK.release.xcconfig"; sourceTree = "<group>"; };
		EEC606336A3B55FB21DD47A1 /* Pods-LoyaltySDK.debug.xcconfig */ = {isa = PBXFileReference; includeInIndex = 1; lastKnownFileType = text.xcconfig; name = "Pods-LoyaltySDK.debug.xcconfig"; path = "Target Support Files/Pods-LoyaltySDK/Pods-LoyaltySDK.debug.xcconfig"; sourceTree = "<group>"; };
		FC3502E89BF28ABF3010C28F /* Pods-LoyaltySDK-LoyaltySDKTests.release.xcconfig */ = {isa = PBXFileReference; includeInIndex = 1; lastKnownFileType = text.xcconfig; name = "Pods-LoyaltySDK-LoyaltySDKTests.release.xcconfig"; path = "Target Support Files/Pods-LoyaltySDK-LoyaltySDKTests/Pods-LoyaltySDK-LoyaltySDKTests.release.xcconfig"; sourceTree = "<group>"; };
/* End PBXFileReference section */

/* Begin PBXFrameworksBuildPhase section */
		58A89C5729C2EEC20040CD7C /* Frameworks */ = {
			isa = PBXFrameworksBuildPhase;
			buildActionMask = 2147483647;
			files = (
				BED587F370A1378A6E51F1E3 /* Pods_LoyaltySDK.framework in Frameworks */,
			);
			runOnlyForDeploymentPostprocessing = 0;
		};
		58A89C6129C2EEC20040CD7C /* Frameworks */ = {
			isa = PBXFrameworksBuildPhase;
			buildActionMask = 2147483647;
			files = (
				58A89C6529C2EEC20040CD7C /* LoyaltySDK.framework in Frameworks */,
				28C7199BEC5559636CC10762 /* Pods_LoyaltySDK_LoyaltySDKTests.framework in Frameworks */,
			);
			runOnlyForDeploymentPostprocessing = 0;
		};
/* End PBXFrameworksBuildPhase section */

/* Begin PBXGroup section */
		5806F18F29C40A89002D0390 /* Sources */ = {
			isa = PBXGroup;
			children = (
				5806F19329C40AD1002D0390 /* Constants */,
				5806F19129C40AC0002D0390 /* Data */,
				5806F19229C40AC5002D0390 /* Domain */,
				5806F19029C40AAD002D0390 /* SDK */,
				5806F19429C40ADF002D0390 /* Supports */,
			);
			path = Sources;
			sourceTree = "<group>";
		};
		5806F19029C40AAD002D0390 /* SDK */ = {
			isa = PBXGroup;
			children = (
				58A89C7529C2EF610040CD7C /* NimbleLoyaltySDK.swift */,
				58A89C5D29C2EEC20040CD7C /* LoyaltySDK.h */,
			);
			path = SDK;
			sourceTree = "<group>";
		};
		5806F19129C40AC0002D0390 /* Data */ = {
			isa = PBXGroup;
			children = (
				5806F19729C40BA6002D0390 /* NetworkAPI */,
				58DDF0A529C85D9400DA28CD /* Repositories */,
				5806F19829C40BEA002D0390 /* Storage */,
			);
			path = Data;
			sourceTree = "<group>";
		};
		5806F19229C40AC5002D0390 /* Domain */ = {
			isa = PBXGroup;
			children = (
				58CDDBE729C83BDC001A2069 /* Entities */,
				58DDF0A229C85D1F00DA28CD /* Interfaces */,
			);
			path = Domain;
			sourceTree = "<group>";
		};
		5806F19329C40AD1002D0390 /* Constants */ = {
			isa = PBXGroup;
			children = (
				5806F1A329C44847002D0390 /* Constants.swift */,
				5806F1A529C4486E002D0390 /* Constants+API.swift */,
			);
			path = Constants;
			sourceTree = "<group>";
		};
		5806F19429C40ADF002D0390 /* Supports */ = {
			isa = PBXGroup;
			children = (
				5806F19529C40AEC002D0390 /* Extensions */,
				5806F19629C40AF2002D0390 /* Helpers */,
			);
			path = Supports;
			sourceTree = "<group>";
		};
		5806F19529C40AEC002D0390 /* Extensions */ = {
			isa = PBXGroup;
			children = (
			);
			path = Extensions;
			sourceTree = "<group>";
		};
		5806F19629C40AF2002D0390 /* Helpers */ = {
			isa = PBXGroup;
			children = (
				58CDDBD629C83491001A2069 /* Typealiases.swift */,
			);
			path = Helpers;
			sourceTree = "<group>";
		};
		5806F19729C40BA6002D0390 /* NetworkAPI */ = {
			isa = PBXGroup;
			children = (
				58CDDBD329C8334F001A2069 /* Core */,
				58CDDBDB29C83510001A2069 /* Models */,
				58CDDBD829C834C6001A2069 /* Plugins */,
				58CDDBDE29C835C4001A2069 /* NetworkAPI.swift */,
			);
			path = NetworkAPI;
			sourceTree = "<group>";
		};
		5806F19829C40BEA002D0390 /* Storage */ = {
			isa = PBXGroup;
			children = (
				5806F19929C40C00002D0390 /* Keychain */,
			);
			path = Storage;
			sourceTree = "<group>";
		};
		5806F19929C40C00002D0390 /* Keychain */ = {
			isa = PBXGroup;
			children = (
				5806F19A29C40C00002D0390 /* KeychainKey.swift */,
				5806F19B29C40C00002D0390 /* Keychain.swift */,
			);
			path = Keychain;
			sourceTree = "<group>";
		};
		58A89C5029C2EEC20040CD7C = {
			isa = PBXGroup;
			children = (
				58A89C5C29C2EEC20040CD7C /* LoyaltySDK */,
				58A89C6829C2EEC20040CD7C /* LoyaltySDKTests */,
				58A89C5B29C2EEC20040CD7C /* Products */,
				E35044F0DCC27CA429E5C274 /* Pods */,
				75A4CBA2CB10244A19712F56 /* Frameworks */,
			);
			sourceTree = "<group>";
		};
		58A89C5B29C2EEC20040CD7C /* Products */ = {
			isa = PBXGroup;
			children = (
				58A89C5A29C2EEC20040CD7C /* LoyaltySDK.framework */,
				58A89C6429C2EEC20040CD7C /* LoyaltySDKTests.xctest */,
			);
			name = Products;
			sourceTree = "<group>";
		};
		58A89C5C29C2EEC20040CD7C /* LoyaltySDK */ = {
			isa = PBXGroup;
			children = (
				5806F18F29C40A89002D0390 /* Sources */,
				58A89C5E29C2EEC20040CD7C /* LoyaltySDK.docc */,
			);
			path = LoyaltySDK;
			sourceTree = "<group>";
		};
		58A89C6829C2EEC20040CD7C /* LoyaltySDKTests */ = {
			isa = PBXGroup;
			children = (
				58A89C6929C2EEC20040CD7C /* LoyaltySDKTests.swift */,
			);
			path = LoyaltySDKTests;
			sourceTree = "<group>";
		};
		58CDDBD329C8334F001A2069 /* Core */ = {
			isa = PBXGroup;
			children = (
				58CDDBD429C83359001A2069 /* RequestConfiguration.swift */,
				58CDDBE029C836EB001A2069 /* NetworkAPIProtocol.swift */,
			);
			path = Core;
			sourceTree = "<group>";
		};
		58CDDBD829C834C6001A2069 /* Plugins */ = {
			isa = PBXGroup;
			children = (
				58CDDBD929C834D4001A2069 /* AuthPlugin.swift */,
			);
			path = Plugins;
			sourceTree = "<group>";
		};
		58CDDBDB29C83510001A2069 /* Models */ = {
			isa = PBXGroup;
			children = (
				58A6DF1829C9598600E93ADE /* APIError.swift */,
				58A6DF1629C9592600E93ADE /* APIRedeemedRewardList.swift */,
				58CDDBEA29C83C97001A2069 /* APIReward.swift */,
				58A6DF1429C958B200E93ADE /* APIRewardList.swift */,
			);
			path = Models;
			sourceTree = "<group>";
		};
		58CDDBE729C83BDC001A2069 /* Entities */ = {
			isa = PBXGroup;
			children = (
				58CDDBE829C83BE6001A2069 /* Reward.swift */,
				58CDDBEE29C83E41001A2069 /* RewardState.swift */,
				58CDDBF029C83E55001A2069 /* RewardType.swift */,
			);
			path = Entities;
			sourceTree = "<group>";
		};
		58DDF0A229C85D1F00DA28CD /* Interfaces */ = {
			isa = PBXGroup;
			children = (
				58DDF0A329C85D3600DA28CD /* RewardRepositoryProtocol.swift */,
			);
			path = Interfaces;
			sourceTree = "<group>";
		};
		58DDF0A529C85D9400DA28CD /* Repositories */ = {
			isa = PBXGroup;
			children = (
				58DDF0A629C85DAE00DA28CD /* RewardRepository.swift */,
			);
			path = Repositories;
			sourceTree = "<group>";
		};
		75A4CBA2CB10244A19712F56 /* Frameworks */ = {
			isa = PBXGroup;
			children = (
				3DDDD176E6066CF68DDF3042 /* Pods_LoyaltySDK.framework */,
				9B11250EC983DEB8CBC261FF /* Pods_LoyaltySDK_LoyaltySDKTests.framework */,
			);
			name = Frameworks;
			sourceTree = "<group>";
		};
		E35044F0DCC27CA429E5C274 /* Pods */ = {
			isa = PBXGroup;
			children = (
				EEC606336A3B55FB21DD47A1 /* Pods-LoyaltySDK.debug.xcconfig */,
				A7A513F649B263140A4BCDAE /* Pods-LoyaltySDK.release.xcconfig */,
				1C712666BAD6A18190836BC6 /* Pods-LoyaltySDK-LoyaltySDKTests.debug.xcconfig */,
				FC3502E89BF28ABF3010C28F /* Pods-LoyaltySDK-LoyaltySDKTests.release.xcconfig */,
			);
			path = Pods;
			sourceTree = "<group>";
		};
/* End PBXGroup section */

/* Begin PBXHeadersBuildPhase section */
		58A89C5529C2EEC20040CD7C /* Headers */ = {
			isa = PBXHeadersBuildPhase;
			buildActionMask = 2147483647;
			files = (
				58A89C6B29C2EEC20040CD7C /* LoyaltySDK.h in Headers */,
			);
			runOnlyForDeploymentPostprocessing = 0;
		};
/* End PBXHeadersBuildPhase section */

/* Begin PBXNativeTarget section */
		58A89C5929C2EEC20040CD7C /* LoyaltySDK */ = {
			isa = PBXNativeTarget;
			buildConfigurationList = 58A89C6E29C2EEC20040CD7C /* Build configuration list for PBXNativeTarget "LoyaltySDK" */;
			buildPhases = (
				4BDDC18A43FFAFCC56985964 /* [CP] Check Pods Manifest.lock */,
				58A89C5529C2EEC20040CD7C /* Headers */,
				58A89C5629C2EEC20040CD7C /* Sources */,
				58A89C5729C2EEC20040CD7C /* Frameworks */,
				58A89C5829C2EEC20040CD7C /* Resources */,
			);
			buildRules = (
			);
			dependencies = (
			);
			name = LoyaltySDK;
			productName = LoyaltySDK;
			productReference = 58A89C5A29C2EEC20040CD7C /* LoyaltySDK.framework */;
			productType = "com.apple.product-type.framework";
		};
		58A89C6329C2EEC20040CD7C /* LoyaltySDKTests */ = {
			isa = PBXNativeTarget;
			buildConfigurationList = 58A89C7129C2EEC20040CD7C /* Build configuration list for PBXNativeTarget "LoyaltySDKTests" */;
			buildPhases = (
				5F7B093374413AB696936D7E /* [CP] Check Pods Manifest.lock */,
				58A89C6029C2EEC20040CD7C /* Sources */,
				58A89C6129C2EEC20040CD7C /* Frameworks */,
				58A89C6229C2EEC20040CD7C /* Resources */,
				3C848B4BE6A7515EA2653415 /* [CP] Embed Pods Frameworks */,
			);
			buildRules = (
			);
			dependencies = (
				58A89C6729C2EEC20040CD7C /* PBXTargetDependency */,
			);
			name = LoyaltySDKTests;
			productName = LoyaltySDKTests;
			productReference = 58A89C6429C2EEC20040CD7C /* LoyaltySDKTests.xctest */;
			productType = "com.apple.product-type.bundle.unit-test";
		};
/* End PBXNativeTarget section */

/* Begin PBXProject section */
		58A89C5129C2EEC20040CD7C /* Project object */ = {
			isa = PBXProject;
			attributes = {
				BuildIndependentTargetsInParallel = 1;
				LastSwiftUpdateCheck = 1420;
				LastUpgradeCheck = 1420;
				TargetAttributes = {
					58A89C5929C2EEC20040CD7C = {
						CreatedOnToolsVersion = 14.2;
					};
					58A89C6329C2EEC20040CD7C = {
						CreatedOnToolsVersion = 14.2;
					};
				};
			};
			buildConfigurationList = 58A89C5429C2EEC20040CD7C /* Build configuration list for PBXProject "LoyaltySDK" */;
			compatibilityVersion = "Xcode 14.0";
			developmentRegion = en;
			hasScannedForEncodings = 0;
			knownRegions = (
				en,
				Base,
			);
			mainGroup = 58A89C5029C2EEC20040CD7C;
			productRefGroup = 58A89C5B29C2EEC20040CD7C /* Products */;
			projectDirPath = "";
			projectRoot = "";
			targets = (
				58A89C5929C2EEC20040CD7C /* LoyaltySDK */,
				58A89C6329C2EEC20040CD7C /* LoyaltySDKTests */,
			);
		};
/* End PBXProject section */

/* Begin PBXResourcesBuildPhase section */
		58A89C5829C2EEC20040CD7C /* Resources */ = {
			isa = PBXResourcesBuildPhase;
			buildActionMask = 2147483647;
			files = (
			);
			runOnlyForDeploymentPostprocessing = 0;
		};
		58A89C6229C2EEC20040CD7C /* Resources */ = {
			isa = PBXResourcesBuildPhase;
			buildActionMask = 2147483647;
			files = (
			);
			runOnlyForDeploymentPostprocessing = 0;
		};
/* End PBXResourcesBuildPhase section */

/* Begin PBXShellScriptBuildPhase section */
		3C848B4BE6A7515EA2653415 /* [CP] Embed Pods Frameworks */ = {
			isa = PBXShellScriptBuildPhase;
			buildActionMask = 2147483647;
			files = (
			);
			inputFileListPaths = (
				"${PODS_ROOT}/Target Support Files/Pods-LoyaltySDK-LoyaltySDKTests/Pods-LoyaltySDK-LoyaltySDKTests-frameworks-${CONFIGURATION}-input-files.xcfilelist",
			);
			name = "[CP] Embed Pods Frameworks";
			outputFileListPaths = (
				"${PODS_ROOT}/Target Support Files/Pods-LoyaltySDK-LoyaltySDKTests/Pods-LoyaltySDK-LoyaltySDKTests-frameworks-${CONFIGURATION}-output-files.xcfilelist",
			);
			runOnlyForDeploymentPostprocessing = 0;
			shellPath = /bin/sh;
			shellScript = "\"${PODS_ROOT}/Target Support Files/Pods-LoyaltySDK-LoyaltySDKTests/Pods-LoyaltySDK-LoyaltySDKTests-frameworks.sh\"\n";
			showEnvVarsInLog = 0;
		};
		4BDDC18A43FFAFCC56985964 /* [CP] Check Pods Manifest.lock */ = {
			isa = PBXShellScriptBuildPhase;
			buildActionMask = 2147483647;
			files = (
			);
			inputFileListPaths = (
			);
			inputPaths = (
				"${PODS_PODFILE_DIR_PATH}/Podfile.lock",
				"${PODS_ROOT}/Manifest.lock",
			);
			name = "[CP] Check Pods Manifest.lock";
			outputFileListPaths = (
			);
			outputPaths = (
				"$(DERIVED_FILE_DIR)/Pods-LoyaltySDK-checkManifestLockResult.txt",
			);
			runOnlyForDeploymentPostprocessing = 0;
			shellPath = /bin/sh;
			shellScript = "diff \"${PODS_PODFILE_DIR_PATH}/Podfile.lock\" \"${PODS_ROOT}/Manifest.lock\" > /dev/null\nif [ $? != 0 ] ; then\n    # print error to STDERR\n    echo \"error: The sandbox is not in sync with the Podfile.lock. Run 'pod install' or update your CocoaPods installation.\" >&2\n    exit 1\nfi\n# This output is used by Xcode 'outputs' to avoid re-running this script phase.\necho \"SUCCESS\" > \"${SCRIPT_OUTPUT_FILE_0}\"\n";
			showEnvVarsInLog = 0;
		};
		5F7B093374413AB696936D7E /* [CP] Check Pods Manifest.lock */ = {
			isa = PBXShellScriptBuildPhase;
			buildActionMask = 2147483647;
			files = (
			);
			inputFileListPaths = (
			);
			inputPaths = (
				"${PODS_PODFILE_DIR_PATH}/Podfile.lock",
				"${PODS_ROOT}/Manifest.lock",
			);
			name = "[CP] Check Pods Manifest.lock";
			outputFileListPaths = (
			);
			outputPaths = (
				"$(DERIVED_FILE_DIR)/Pods-LoyaltySDK-LoyaltySDKTests-checkManifestLockResult.txt",
			);
			runOnlyForDeploymentPostprocessing = 0;
			shellPath = /bin/sh;
			shellScript = "diff \"${PODS_PODFILE_DIR_PATH}/Podfile.lock\" \"${PODS_ROOT}/Manifest.lock\" > /dev/null\nif [ $? != 0 ] ; then\n    # print error to STDERR\n    echo \"error: The sandbox is not in sync with the Podfile.lock. Run 'pod install' or update your CocoaPods installation.\" >&2\n    exit 1\nfi\n# This output is used by Xcode 'outputs' to avoid re-running this script phase.\necho \"SUCCESS\" > \"${SCRIPT_OUTPUT_FILE_0}\"\n";
			showEnvVarsInLog = 0;
		};
/* End PBXShellScriptBuildPhase section */

/* Begin PBXSourcesBuildPhase section */
		58A89C5629C2EEC20040CD7C /* Sources */ = {
			isa = PBXSourcesBuildPhase;
			buildActionMask = 2147483647;
			files = (
				58A89C5F29C2EEC20040CD7C /* LoyaltySDK.docc in Sources */,
				5806F1A029C40C00002D0390 /* Keychain.swift in Sources */,
				58CDDBEF29C83E41001A2069 /* RewardState.swift in Sources */,
				58A6DF1729C9592600E93ADE /* APIRedeemedRewardList.swift in Sources */,
				58CDDBEB29C83C97001A2069 /* APIReward.swift in Sources */,
				58A6DF1529C958B200E93ADE /* APIRewardList.swift in Sources */,
				58CDDBDA29C834D4001A2069 /* AuthPlugin.swift in Sources */,
				58CDDBE929C83BE6001A2069 /* Reward.swift in Sources */,
				5806F1A629C4486E002D0390 /* Constants+API.swift in Sources */,
				58CDDBE129C836EB001A2069 /* NetworkAPIProtocol.swift in Sources */,
				5806F1A429C44847002D0390 /* Constants.swift in Sources */,
				58DDF0A729C85DAE00DA28CD /* RewardRepository.swift in Sources */,
				58CDDBDF29C835C4001A2069 /* NetworkAPI.swift in Sources */,
				58CDDBF129C83E55001A2069 /* RewardType.swift in Sources */,
				58CDDBD729C83491001A2069 /* Typealiases.swift in Sources */,
				58A89C7629C2EF610040CD7C /* NimbleLoyaltySDK.swift in Sources */,
				58CDDBD529C83359001A2069 /* RequestConfiguration.swift in Sources */,
				58DDF0A429C85D3600DA28CD /* RewardRepositoryProtocol.swift in Sources */,
				5806F19F29C40C00002D0390 /* KeychainKey.swift in Sources */,
				58A6DF1929C9598600E93ADE /* APIError.swift in Sources */,
			);
			runOnlyForDeploymentPostprocessing = 0;
		};
		58A89C6029C2EEC20040CD7C /* Sources */ = {
			isa = PBXSourcesBuildPhase;
			buildActionMask = 2147483647;
			files = (
				58A89C6A29C2EEC20040CD7C /* LoyaltySDKTests.swift in Sources */,
			);
			runOnlyForDeploymentPostprocessing = 0;
		};
/* End PBXSourcesBuildPhase section */

/* Begin PBXTargetDependency section */
		58A89C6729C2EEC20040CD7C /* PBXTargetDependency */ = {
			isa = PBXTargetDependency;
			target = 58A89C5929C2EEC20040CD7C /* LoyaltySDK */;
			targetProxy = 58A89C6629C2EEC20040CD7C /* PBXContainerItemProxy */;
		};
/* End PBXTargetDependency section */

/* Begin XCBuildConfiguration section */
		58A89C6C29C2EEC20040CD7C /* Debug */ = {
			isa = XCBuildConfiguration;
			buildSettings = {
				ALWAYS_SEARCH_USER_PATHS = NO;
				CLANG_ANALYZER_NONNULL = YES;
				CLANG_ANALYZER_NUMBER_OBJECT_CONVERSION = YES_AGGRESSIVE;
				CLANG_CXX_LANGUAGE_STANDARD = "gnu++20";
				CLANG_ENABLE_MODULES = YES;
				CLANG_ENABLE_OBJC_ARC = YES;
				CLANG_ENABLE_OBJC_WEAK = YES;
				CLANG_WARN_BLOCK_CAPTURE_AUTORELEASING = YES;
				CLANG_WARN_BOOL_CONVERSION = YES;
				CLANG_WARN_COMMA = YES;
				CLANG_WARN_CONSTANT_CONVERSION = YES;
				CLANG_WARN_DEPRECATED_OBJC_IMPLEMENTATIONS = YES;
				CLANG_WARN_DIRECT_OBJC_ISA_USAGE = YES_ERROR;
				CLANG_WARN_DOCUMENTATION_COMMENTS = YES;
				CLANG_WARN_EMPTY_BODY = YES;
				CLANG_WARN_ENUM_CONVERSION = YES;
				CLANG_WARN_INFINITE_RECURSION = YES;
				CLANG_WARN_INT_CONVERSION = YES;
				CLANG_WARN_NON_LITERAL_NULL_CONVERSION = YES;
				CLANG_WARN_OBJC_IMPLICIT_RETAIN_SELF = YES;
				CLANG_WARN_OBJC_LITERAL_CONVERSION = YES;
				CLANG_WARN_OBJC_ROOT_CLASS = YES_ERROR;
				CLANG_WARN_QUOTED_INCLUDE_IN_FRAMEWORK_HEADER = YES;
				CLANG_WARN_RANGE_LOOP_ANALYSIS = YES;
				CLANG_WARN_STRICT_PROTOTYPES = YES;
				CLANG_WARN_SUSPICIOUS_MOVE = YES;
				CLANG_WARN_UNGUARDED_AVAILABILITY = YES_AGGRESSIVE;
				CLANG_WARN_UNREACHABLE_CODE = YES;
				CLANG_WARN__DUPLICATE_METHOD_MATCH = YES;
				COPY_PHASE_STRIP = NO;
				CURRENT_PROJECT_VERSION = 1;
				DEBUG_INFORMATION_FORMAT = dwarf;
				ENABLE_STRICT_OBJC_MSGSEND = YES;
				ENABLE_TESTABILITY = YES;
				GCC_C_LANGUAGE_STANDARD = gnu11;
				GCC_DYNAMIC_NO_PIC = NO;
				GCC_NO_COMMON_BLOCKS = YES;
				GCC_OPTIMIZATION_LEVEL = 0;
				GCC_PREPROCESSOR_DEFINITIONS = (
					"DEBUG=1",
					"$(inherited)",
				);
				GCC_WARN_64_TO_32_BIT_CONVERSION = YES;
				GCC_WARN_ABOUT_RETURN_TYPE = YES_ERROR;
				GCC_WARN_UNDECLARED_SELECTOR = YES;
				GCC_WARN_UNINITIALIZED_AUTOS = YES_AGGRESSIVE;
				GCC_WARN_UNUSED_FUNCTION = YES;
				GCC_WARN_UNUSED_VARIABLE = YES;
				IPHONEOS_DEPLOYMENT_TARGET = 13.0;
				MTL_ENABLE_DEBUG_INFO = INCLUDE_SOURCE;
				MTL_FAST_MATH = YES;
				ONLY_ACTIVE_ARCH = YES;
				SDKROOT = iphoneos;
				SWIFT_ACTIVE_COMPILATION_CONDITIONS = DEBUG;
				SWIFT_OPTIMIZATION_LEVEL = "-Onone";
				VERSIONING_SYSTEM = "apple-generic";
				VERSION_INFO_PREFIX = "";
			};
			name = Debug;
		};
		58A89C6D29C2EEC20040CD7C /* Release */ = {
			isa = XCBuildConfiguration;
			buildSettings = {
				ALWAYS_SEARCH_USER_PATHS = NO;
				CLANG_ANALYZER_NONNULL = YES;
				CLANG_ANALYZER_NUMBER_OBJECT_CONVERSION = YES_AGGRESSIVE;
				CLANG_CXX_LANGUAGE_STANDARD = "gnu++20";
				CLANG_ENABLE_MODULES = YES;
				CLANG_ENABLE_OBJC_ARC = YES;
				CLANG_ENABLE_OBJC_WEAK = YES;
				CLANG_WARN_BLOCK_CAPTURE_AUTORELEASING = YES;
				CLANG_WARN_BOOL_CONVERSION = YES;
				CLANG_WARN_COMMA = YES;
				CLANG_WARN_CONSTANT_CONVERSION = YES;
				CLANG_WARN_DEPRECATED_OBJC_IMPLEMENTATIONS = YES;
				CLANG_WARN_DIRECT_OBJC_ISA_USAGE = YES_ERROR;
				CLANG_WARN_DOCUMENTATION_COMMENTS = YES;
				CLANG_WARN_EMPTY_BODY = YES;
				CLANG_WARN_ENUM_CONVERSION = YES;
				CLANG_WARN_INFINITE_RECURSION = YES;
				CLANG_WARN_INT_CONVERSION = YES;
				CLANG_WARN_NON_LITERAL_NULL_CONVERSION = YES;
				CLANG_WARN_OBJC_IMPLICIT_RETAIN_SELF = YES;
				CLANG_WARN_OBJC_LITERAL_CONVERSION = YES;
				CLANG_WARN_OBJC_ROOT_CLASS = YES_ERROR;
				CLANG_WARN_QUOTED_INCLUDE_IN_FRAMEWORK_HEADER = YES;
				CLANG_WARN_RANGE_LOOP_ANALYSIS = YES;
				CLANG_WARN_STRICT_PROTOTYPES = YES;
				CLANG_WARN_SUSPICIOUS_MOVE = YES;
				CLANG_WARN_UNGUARDED_AVAILABILITY = YES_AGGRESSIVE;
				CLANG_WARN_UNREACHABLE_CODE = YES;
				CLANG_WARN__DUPLICATE_METHOD_MATCH = YES;
				COPY_PHASE_STRIP = NO;
				CURRENT_PROJECT_VERSION = 1;
				DEBUG_INFORMATION_FORMAT = "dwarf-with-dsym";
				ENABLE_NS_ASSERTIONS = NO;
				ENABLE_STRICT_OBJC_MSGSEND = YES;
				GCC_C_LANGUAGE_STANDARD = gnu11;
				GCC_NO_COMMON_BLOCKS = YES;
				GCC_WARN_64_TO_32_BIT_CONVERSION = YES;
				GCC_WARN_ABOUT_RETURN_TYPE = YES_ERROR;
				GCC_WARN_UNDECLARED_SELECTOR = YES;
				GCC_WARN_UNINITIALIZED_AUTOS = YES_AGGRESSIVE;
				GCC_WARN_UNUSED_FUNCTION = YES;
				GCC_WARN_UNUSED_VARIABLE = YES;
				IPHONEOS_DEPLOYMENT_TARGET = 13.0;
				MTL_ENABLE_DEBUG_INFO = NO;
				MTL_FAST_MATH = YES;
				SDKROOT = iphoneos;
				SWIFT_COMPILATION_MODE = wholemodule;
				SWIFT_OPTIMIZATION_LEVEL = "-O";
				VALIDATE_PRODUCT = YES;
				VERSIONING_SYSTEM = "apple-generic";
				VERSION_INFO_PREFIX = "";
			};
			name = Release;
		};
		58A89C6F29C2EEC20040CD7C /* Debug */ = {
			isa = XCBuildConfiguration;
			baseConfigurationReference = EEC606336A3B55FB21DD47A1 /* Pods-LoyaltySDK.debug.xcconfig */;
			buildSettings = {
				CODE_SIGN_STYLE = Automatic;
				CURRENT_PROJECT_VERSION = 1;
				DEFINES_MODULE = YES;
				DEVELOPMENT_TEAM = 4TWS7E2EPE;
				DYLIB_COMPATIBILITY_VERSION = 1;
				DYLIB_CURRENT_VERSION = 1;
				DYLIB_INSTALL_NAME_BASE = "@rpath";
				GENERATE_INFOPLIST_FILE = YES;
				INFOPLIST_KEY_NSHumanReadableCopyright = "";
				INSTALL_PATH = "$(LOCAL_LIBRARY_DIR)/Frameworks";
				LD_RUNPATH_SEARCH_PATHS = (
					"$(inherited)",
					"@executable_path/Frameworks",
					"@loader_path/Frameworks",
				);
				MARKETING_VERSION = 1.0;
				PRODUCT_BUNDLE_IDENTIFIER = co.nimblehq.loyalty.sdk;
				PRODUCT_NAME = "$(TARGET_NAME:c99extidentifier)";
				SKIP_INSTALL = YES;
				SUPPORTED_PLATFORMS = "iphoneos iphonesimulator";
				SUPPORTS_MACCATALYST = NO;
				SUPPORTS_MAC_DESIGNED_FOR_IPHONE_IPAD = NO;
				SWIFT_EMIT_LOC_STRINGS = YES;
				SWIFT_VERSION = 5.0;
				TARGETED_DEVICE_FAMILY = "1,2";
			};
			name = Debug;
		};
		58A89C7029C2EEC20040CD7C /* Release */ = {
			isa = XCBuildConfiguration;
			baseConfigurationReference = A7A513F649B263140A4BCDAE /* Pods-LoyaltySDK.release.xcconfig */;
			buildSettings = {
				CODE_SIGN_STYLE = Automatic;
				CURRENT_PROJECT_VERSION = 1;
				DEFINES_MODULE = YES;
				DEVELOPMENT_TEAM = 4TWS7E2EPE;
				DYLIB_COMPATIBILITY_VERSION = 1;
				DYLIB_CURRENT_VERSION = 1;
				DYLIB_INSTALL_NAME_BASE = "@rpath";
				GENERATE_INFOPLIST_FILE = YES;
				INFOPLIST_KEY_NSHumanReadableCopyright = "";
				INSTALL_PATH = "$(LOCAL_LIBRARY_DIR)/Frameworks";
				LD_RUNPATH_SEARCH_PATHS = (
					"$(inherited)",
					"@executable_path/Frameworks",
					"@loader_path/Frameworks",
				);
				MARKETING_VERSION = 1.0;
				PRODUCT_BUNDLE_IDENTIFIER = co.nimblehq.loyalty.sdk;
				PRODUCT_NAME = "$(TARGET_NAME:c99extidentifier)";
				SKIP_INSTALL = YES;
				SUPPORTED_PLATFORMS = "iphoneos iphonesimulator";
				SUPPORTS_MACCATALYST = NO;
				SUPPORTS_MAC_DESIGNED_FOR_IPHONE_IPAD = NO;
				SWIFT_EMIT_LOC_STRINGS = YES;
				SWIFT_VERSION = 5.0;
				TARGETED_DEVICE_FAMILY = "1,2";
			};
			name = Release;
		};
		58A89C7229C2EEC20040CD7C /* Debug */ = {
			isa = XCBuildConfiguration;
			baseConfigurationReference = 1C712666BAD6A18190836BC6 /* Pods-LoyaltySDK-LoyaltySDKTests.debug.xcconfig */;
			buildSettings = {
				ALWAYS_EMBED_SWIFT_STANDARD_LIBRARIES = YES;
				CODE_SIGN_STYLE = Automatic;
				CURRENT_PROJECT_VERSION = 1;
				DEVELOPMENT_TEAM = 4TWS7E2EPE;
				GENERATE_INFOPLIST_FILE = YES;
				MARKETING_VERSION = 1.0;
				PRODUCT_BUNDLE_IDENTIFIER = co.nimblehq.loyalty.sdk.LoyaltySDKTests;
				PRODUCT_NAME = "$(TARGET_NAME)";
				SWIFT_EMIT_LOC_STRINGS = NO;
				SWIFT_VERSION = 5.0;
				TARGETED_DEVICE_FAMILY = "1,2";
			};
			name = Debug;
		};
		58A89C7329C2EEC20040CD7C /* Release */ = {
			isa = XCBuildConfiguration;
			baseConfigurationReference = FC3502E89BF28ABF3010C28F /* Pods-LoyaltySDK-LoyaltySDKTests.release.xcconfig */;
			buildSettings = {
				ALWAYS_EMBED_SWIFT_STANDARD_LIBRARIES = YES;
				CODE_SIGN_STYLE = Automatic;
				CURRENT_PROJECT_VERSION = 1;
				DEVELOPMENT_TEAM = 4TWS7E2EPE;
				GENERATE_INFOPLIST_FILE = YES;
				MARKETING_VERSION = 1.0;
				PRODUCT_BUNDLE_IDENTIFIER = co.nimblehq.loyalty.sdk.LoyaltySDKTests;
				PRODUCT_NAME = "$(TARGET_NAME)";
				SWIFT_EMIT_LOC_STRINGS = NO;
				SWIFT_VERSION = 5.0;
				TARGETED_DEVICE_FAMILY = "1,2";
			};
			name = Release;
		};
/* End XCBuildConfiguration section */

/* Begin XCConfigurationList section */
		58A89C5429C2EEC20040CD7C /* Build configuration list for PBXProject "LoyaltySDK" */ = {
			isa = XCConfigurationList;
			buildConfigurations = (
				58A89C6C29C2EEC20040CD7C /* Debug */,
				58A89C6D29C2EEC20040CD7C /* Release */,
			);
			defaultConfigurationIsVisible = 0;
			defaultConfigurationName = Release;
		};
		58A89C6E29C2EEC20040CD7C /* Build configuration list for PBXNativeTarget "LoyaltySDK" */ = {
			isa = XCConfigurationList;
			buildConfigurations = (
				58A89C6F29C2EEC20040CD7C /* Debug */,
				58A89C7029C2EEC20040CD7C /* Release */,
			);
			defaultConfigurationIsVisible = 0;
			defaultConfigurationName = Release;
		};
		58A89C7129C2EEC20040CD7C /* Build configuration list for PBXNativeTarget "LoyaltySDKTests" */ = {
			isa = XCConfigurationList;
			buildConfigurations = (
				58A89C7229C2EEC20040CD7C /* Debug */,
				58A89C7329C2EEC20040CD7C /* Release */,
			);
			defaultConfigurationIsVisible = 0;
			defaultConfigurationName = Release;
		};
/* End XCConfigurationList section */
	};
	rootObject = 58A89C5129C2EEC20040CD7C /* Project object */;
}
